
Microsoft Visual Studio Solution File, Format Version 12.00
# Visual Studio Version 16
VisualStudioVersion = 16.0.33801.447
MinimumVisualStudioVersion = 10.0.40219.1
Project("{FAE04EC0-301F-11D3-BF4B-00C04F79EFBC}") = "EntityFrameworkLearnCodeFirst", "EntityFrameworkLearnCodeFirst\EntityFrameworkLearnCodeFirst.csproj", "{026E82EF-D33F-483E-A33B-18AC0900494A}"
EndProject
Global
	GlobalSection(SolutionConfigurationPlatforms) = preSolution
		Debug|Any CPU = Debug|Any CPU
		Release|Any CPU = Release|Any CPU
	EndGlobalSection
	GlobalSection(ProjectConfigurationPlatforms) = postSolution
		{026E82EF-D33F-483E-A33B-18AC0900494A}.Debug|Any CPU.ActiveCfg = Debug|Any CPU
		{026E82EF-D33F-483E-A33B-18AC0900494A}.Debug|Any CPU.Build.0 = Debug|Any CPU
		{026E82EF-D33F-483E-A33B-18AC0900494A}.Release|Any CPU.ActiveCfg = Release|Any CPU
		{026E82EF-D33F-483E-A33B-18AC0900494A}.Release|Any CPU.Build.0 = Release|Any CPU
	EndGlobalSection
	GlobalSection(SolutionProperties) = preSolution
		HideSolutionNode = FALSE
	EndGlobalSection
	GlobalSection(ExtensibilityGlobals) = postSolution
		SolutionGuid = {BFD2C95D-49E3-4A3A-8982-989305063AD7}
	EndGlobalSection
EndGlobal
